// !$*UTF8*$!
{
	archiveVersion = 1;
	classes = {
	};
	objectVersion = 50;
	objects = {

/* Begin PBXBuildFile section */
		395EAD696704FF281D336A99 /* Pods_MagtonicEmpAppTests.framework in Frameworks */ = {isa = PBXBuildFile; fileRef = 18EA2E7E3EADFFF49E3A2FAF /* Pods_MagtonicEmpAppTests.framework */; };
		4774E4D922AE481F00245A35 /* HistoryViewController.swift in Sources */ = {isa = PBXBuildFile; fileRef = 4774E4D822AE481F00245A35 /* HistoryViewController.swift */; };
		47B224E722A0A98000651E98 /* AppDelegate.swift in Sources */ = {isa = PBXBuildFile; fileRef = 47B224E622A0A98000651E98 /* AppDelegate.swift */; };
		47B224E922A0A98000651E98 /* BaseViewController.swift in Sources */ = {isa = PBXBuildFile; fileRef = 47B224E822A0A98000651E98 /* BaseViewController.swift */; };
		47B224EC22A0A98000651E98 /* Main.storyboard in Resources */ = {isa = PBXBuildFile; fileRef = 47B224EA22A0A98000651E98 /* Main.storyboard */; };
		47B224F122A0A98200651E98 /* LaunchScreen.storyboard in Resources */ = {isa = PBXBuildFile; fileRef = 47B224EF22A0A98200651E98 /* LaunchScreen.storyboard */; };
		47B224FC22A0A98200651E98 /* MagtonicEmpAppTests.swift in Sources */ = {isa = PBXBuildFile; fileRef = 47B224FB22A0A98200651E98 /* MagtonicEmpAppTests.swift */; };
		47B2250722A0A98200651E98 /* MagtonicEmpAppUITests.swift in Sources */ = {isa = PBXBuildFile; fileRef = 47B2250622A0A98200651E98 /* MagtonicEmpAppUITests.swift */; };
		47B2251522A0ADFC00651E98 /* SlidingViewController.swift in Sources */ = {isa = PBXBuildFile; fileRef = 47B2251422A0ADFC00651E98 /* SlidingViewController.swift */; };
		47FBB98822A4CACD0021A236 /* Localizable.strings in Resources */ = {isa = PBXBuildFile; fileRef = 47FBB98A22A4CACD0021A236 /* Localizable.strings */; };
		47FBB98E22A4CB380021A236 /* InfoPlist.strings in Resources */ = {isa = PBXBuildFile; fileRef = 47FBB99022A4CB380021A236 /* InfoPlist.strings */; };
		47FBB99322A4EA700021A236 /* OpeningViewController.swift in Sources */ = {isa = PBXBuildFile; fileRef = 47FBB99222A4EA700021A236 /* OpeningViewController.swift */; };
		47FBB99522A516950021A236 /* Assets.xcassets in Resources */ = {isa = PBXBuildFile; fileRef = 47FBB99422A516950021A236 /* Assets.xcassets */; };
		47FBB99722A5184E0021A236 /* LoginViewController.swift in Sources */ = {isa = PBXBuildFile; fileRef = 47FBB99622A5184E0021A236 /* LoginViewController.swift */; };
		7E95AFCE020A8C32ECEF8230 /* Pods_MagtonicEmpAppUITests.framework in Frameworks */ = {isa = PBXBuildFile; fileRef = 5E656AADC75FAFDECA8E2606 /* Pods_MagtonicEmpAppUITests.framework */; };
		FFBBEBC7894A3196F83A14A9 /* Pods_MagtonicEmpApp.framework in Frameworks */ = {isa = PBXBuildFile; fileRef = 9075689E7213084F0CCD8B62 /* Pods_MagtonicEmpApp.framework */; };
/* End PBXBuildFile section */

/* Begin PBXContainerItemProxy section */
		47B224F822A0A98200651E98 /* PBXContainerItemProxy */ = {
			isa = PBXContainerItemProxy;
			containerPortal = 47B224DB22A0A97F00651E98 /* Project object */;
			proxyType = 1;
			remoteGlobalIDString = 47B224E222A0A97F00651E98;
			remoteInfo = MagtonicEmpApp;
		};
		47B2250322A0A98200651E98 /* PBXContainerItemProxy */ = {
			isa = PBXContainerItemProxy;
			containerPortal = 47B224DB22A0A97F00651E98 /* Project object */;
			proxyType = 1;
			remoteGlobalIDString = 47B224E222A0A97F00651E98;
			remoteInfo = MagtonicEmpApp;
		};
/* End PBXContainerItemProxy section */

/* Begin PBXFileReference section */
		08311737553CD3B3CF5DBE18 /* Pods-MagtonicEmpApp.release.xcconfig */ = {isa = PBXFileReference; includeInIndex = 1; lastKnownFileType = text.xcconfig; name = "Pods-MagtonicEmpApp.release.xcconfig"; path = "Target Support Files/Pods-MagtonicEmpApp/Pods-MagtonicEmpApp.release.xcconfig"; sourceTree = "<group>"; };
		18EA2E7E3EADFFF49E3A2FAF /* Pods_MagtonicEmpAppTests.framework */ = {isa = PBXFileReference; explicitFileType = wrapper.framework; includeInIndex = 0; path = Pods_MagtonicEmpAppTests.framework; sourceTree = BUILT_PRODUCTS_DIR; };
		203F04D5C59863F61B953651 /* Pods-MagtonicEmpAppUITests.debug.xcconfig */ = {isa = PBXFileReference; includeInIndex = 1; lastKnownFileType = text.xcconfig; name = "Pods-MagtonicEmpAppUITests.debug.xcconfig"; path = "Target Support Files/Pods-MagtonicEmpAppUITests/Pods-MagtonicEmpAppUITests.debug.xcconfig"; sourceTree = "<group>"; };
		4774E4D822AE481F00245A35 /* HistoryViewController.swift */ = {isa = PBXFileReference; lastKnownFileType = sourcecode.swift; path = HistoryViewController.swift; sourceTree = "<group>"; };
		47B224E322A0A98000651E98 /* MagtonicEmpApp.app */ = {isa = PBXFileReference; explicitFileType = wrapper.application; includeInIndex = 0; path = MagtonicEmpApp.app; sourceTree = BUILT_PRODUCTS_DIR; };
		47B224E622A0A98000651E98 /* AppDelegate.swift */ = {isa = PBXFileReference; lastKnownFileType = sourcecode.swift; path = AppDelegate.swift; sourceTree = "<group>"; };
		47B224E822A0A98000651E98 /* BaseViewController.swift */ = {isa = PBXFileReference; lastKnownFileType = sourcecode.swift; path = BaseViewController.swift; sourceTree = "<group>"; };
		47B224EB22A0A98000651E98 /* Base */ = {isa = PBXFileReference; lastKnownFileType = file.storyboard; name = Base; path = Base.lproj/Main.storyboard; sourceTree = "<group>"; };
		47B224F022A0A98200651E98 /* Base */ = {isa = PBXFileReference; lastKnownFileType = file.storyboard; name = Base; path = Base.lproj/LaunchScreen.storyboard; sourceTree = "<group>"; };
		47B224F222A0A98200651E98 /* Info.plist */ = {isa = PBXFileReference; lastKnownFileType = text.plist.xml; path = Info.plist; sourceTree = "<group>"; };
		47B224F722A0A98200651E98 /* MagtonicEmpAppTests.xctest */ = {isa = PBXFileReference; explicitFileType = wrapper.cfbundle; includeInIndex = 0; path = MagtonicEmpAppTests.xctest; sourceTree = BUILT_PRODUCTS_DIR; };
		47B224FB22A0A98200651E98 /* MagtonicEmpAppTests.swift */ = {isa = PBXFileReference; lastKnownFileType = sourcecode.swift; path = MagtonicEmpAppTests.swift; sourceTree = "<group>"; };
		47B224FD22A0A98200651E98 /* Info.plist */ = {isa = PBXFileReference; lastKnownFileType = text.plist.xml; path = Info.plist; sourceTree = "<group>"; };
		47B2250222A0A98200651E98 /* MagtonicEmpAppUITests.xctest */ = {isa = PBXFileReference; explicitFileType = wrapper.cfbundle; includeInIndex = 0; path = MagtonicEmpAppUITests.xctest; sourceTree = BUILT_PRODUCTS_DIR; };
		47B2250622A0A98200651E98 /* MagtonicEmpAppUITests.swift */ = {isa = PBXFileReference; lastKnownFileType = sourcecode.swift; path = MagtonicEmpAppUITests.swift; sourceTree = "<group>"; };
		47B2250822A0A98200651E98 /* Info.plist */ = {isa = PBXFileReference; lastKnownFileType = text.plist.xml; path = Info.plist; sourceTree = "<group>"; };
		47B2251422A0ADFC00651E98 /* SlidingViewController.swift */ = {isa = PBXFileReference; lastKnownFileType = sourcecode.swift; path = SlidingViewController.swift; sourceTree = "<group>"; };
		47FBB98922A4CACD0021A236 /* en */ = {isa = PBXFileReference; lastKnownFileType = text.plist.strings; name = en; path = en.lproj/Localizable.strings; sourceTree = "<group>"; };
		47FBB98B22A4CAD50021A236 /* zh-Hant */ = {isa = PBXFileReference; lastKnownFileType = text.plist.strings; name = "zh-Hant"; path = "zh-Hant.lproj/Localizable.strings"; sourceTree = "<group>"; };
		47FBB98F22A4CB380021A236 /* en */ = {isa = PBXFileReference; lastKnownFileType = text.plist.strings; name = en; path = en.lproj/InfoPlist.strings; sourceTree = "<group>"; };
		47FBB99122A4CB3B0021A236 /* zh-Hant */ = {isa = PBXFileReference; lastKnownFileType = text.plist.strings; name = "zh-Hant"; path = "zh-Hant.lproj/InfoPlist.strings"; sourceTree = "<group>"; };
		47FBB99222A4EA700021A236 /* OpeningViewController.swift */ = {isa = PBXFileReference; lastKnownFileType = sourcecode.swift; path = OpeningViewController.swift; sourceTree = "<group>"; };
		47FBB99422A516950021A236 /* Assets.xcassets */ = {isa = PBXFileReference; lastKnownFileType = folder.assetcatalog; name = Assets.xcassets; path = ../../../../.Trash/Assets.xcassets; sourceTree = "<group>"; };
		47FBB99622A5184E0021A236 /* LoginViewController.swift */ = {isa = PBXFileReference; lastKnownFileType = sourcecode.swift; path = LoginViewController.swift; sourceTree = "<group>"; };
		5E656AADC75FAFDECA8E2606 /* Pods_MagtonicEmpAppUITests.framework */ = {isa = PBXFileReference; explicitFileType = wrapper.framework; includeInIndex = 0; path = Pods_MagtonicEmpAppUITests.framework; sourceTree = BUILT_PRODUCTS_DIR; };
		60ECADFC3724E12E1575C412 /* Pods-MagtonicEmpAppUITests.release.xcconfig */ = {isa = PBXFileReference; includeInIndex = 1; lastKnownFileType = text.xcconfig; name = "Pods-MagtonicEmpAppUITests.release.xcconfig"; path = "Target Support Files/Pods-MagtonicEmpAppUITests/Pods-MagtonicEmpAppUITests.release.xcconfig"; sourceTree = "<group>"; };
		784FE9BFBDB2A5496FD2AF77 /* Pods-MagtonicEmpAppTests.debug.xcconfig */ = {isa = PBXFileReference; includeInIndex = 1; lastKnownFileType = text.xcconfig; name = "Pods-MagtonicEmpAppTests.debug.xcconfig"; path = "Target Support Files/Pods-MagtonicEmpAppTests/Pods-MagtonicEmpAppTests.debug.xcconfig"; sourceTree = "<group>"; };
		9075689E7213084F0CCD8B62 /* Pods_MagtonicEmpApp.framework */ = {isa = PBXFileReference; explicitFileType = wrapper.framework; includeInIndex = 0; path = Pods_MagtonicEmpApp.framework; sourceTree = BUILT_PRODUCTS_DIR; };
		DDECB2026E977EB3559734FE /* Pods-MagtonicEmpAppTests.release.xcconfig */ = {isa = PBXFileReference; includeInIndex = 1; lastKnownFileType = text.xcconfig; name = "Pods-MagtonicEmpAppTests.release.xcconfig"; path = "Target Support Files/Pods-MagtonicEmpAppTests/Pods-MagtonicEmpAppTests.release.xcconfig"; sourceTree = "<group>"; };
		E0F3A57E15CFF4A0387BC085 /* Pods-MagtonicEmpApp.debug.xcconfig */ = {isa = PBXFileReference; includeInIndex = 1; lastKnownFileType = text.xcconfig; name = "Pods-MagtonicEmpApp.debug.xcconfig"; path = "Target Support Files/Pods-MagtonicEmpApp/Pods-MagtonicEmpApp.debug.xcconfig"; sourceTree = "<group>"; };
/* End PBXFileReference section */

/* Begin PBXFrameworksBuildPhase section */
		47B224E022A0A97F00651E98 /* Frameworks */ = {
			isa = PBXFrameworksBuildPhase;
			buildActionMask = 2147483647;
			files = (
				FFBBEBC7894A3196F83A14A9 /* Pods_MagtonicEmpApp.framework in Frameworks */,
			);
			runOnlyForDeploymentPostprocessing = 0;
		};
		47B224F422A0A98200651E98 /* Frameworks */ = {
			isa = PBXFrameworksBuildPhase;
			buildActionMask = 2147483647;
			files = (
				395EAD696704FF281D336A99 /* Pods_MagtonicEmpAppTests.framework in Frameworks */,
			);
			runOnlyForDeploymentPostprocessing = 0;
		};
		47B224FF22A0A98200651E98 /* Frameworks */ = {
			isa = PBXFrameworksBuildPhase;
			buildActionMask = 2147483647;
			files = (
				7E95AFCE020A8C32ECEF8230 /* Pods_MagtonicEmpAppUITests.framework in Frameworks */,
			);
			runOnlyForDeploymentPostprocessing = 0;
		};
/* End PBXFrameworksBuildPhase section */

/* Begin PBXGroup section */
		47B224DA22A0A97F00651E98 = {
			isa = PBXGroup;
			children = (
				47B224E522A0A98000651E98 /* MagtonicEmpApp */,
				47B224FA22A0A98200651E98 /* MagtonicEmpAppTests */,
				47B2250522A0A98200651E98 /* MagtonicEmpAppUITests */,
				47B224E422A0A98000651E98 /* Products */,
				4A48A69012CF78FCD6C7EA3E /* Pods */,
				8CCCFA72A705FEDB6B32311C /* Frameworks */,
			);
			sourceTree = "<group>";
		};
		47B224E422A0A98000651E98 /* Products */ = {
			isa = PBXGroup;
			children = (
				47B224E322A0A98000651E98 /* MagtonicEmpApp.app */,
				47B224F722A0A98200651E98 /* MagtonicEmpAppTests.xctest */,
				47B2250222A0A98200651E98 /* MagtonicEmpAppUITests.xctest */,
			);
			name = Products;
			sourceTree = "<group>";
		};
		47B224E522A0A98000651E98 /* MagtonicEmpApp */ = {
			isa = PBXGroup;
			children = (
				47B224F222A0A98200651E98 /* Info.plist */,
				47B224E622A0A98000651E98 /* AppDelegate.swift */,
				47B224E822A0A98000651E98 /* BaseViewController.swift */,
				4774E4D822AE481F00245A35 /* HistoryViewController.swift */,
				47FBB99622A5184E0021A236 /* LoginViewController.swift */,
				47FBB99222A4EA700021A236 /* OpeningViewController.swift */,
				47B2251422A0ADFC00651E98 /* SlidingViewController.swift */,
				47FBB99422A516950021A236 /* Assets.xcassets */,
				47FBB99022A4CB380021A236 /* InfoPlist.strings */,
				47B224EF22A0A98200651E98 /* LaunchScreen.storyboard */,
				47FBB98A22A4CACD0021A236 /* Localizable.strings */,
				47B224EA22A0A98000651E98 /* Main.storyboard */,
			);
			path = MagtonicEmpApp;
			sourceTree = "<group>";
		};
		47B224FA22A0A98200651E98 /* MagtonicEmpAppTests */ = {
			isa = PBXGroup;
			children = (
				47B224FB22A0A98200651E98 /* MagtonicEmpAppTests.swift */,
				47B224FD22A0A98200651E98 /* Info.plist */,
			);
			path = MagtonicEmpAppTests;
			sourceTree = "<group>";
		};
		47B2250522A0A98200651E98 /* MagtonicEmpAppUITests */ = {
			isa = PBXGroup;
			children = (
				47B2250622A0A98200651E98 /* MagtonicEmpAppUITests.swift */,
				47B2250822A0A98200651E98 /* Info.plist */,
			);
			path = MagtonicEmpAppUITests;
			sourceTree = "<group>";
		};
		4A48A69012CF78FCD6C7EA3E /* Pods */ = {
			isa = PBXGroup;
			children = (
				E0F3A57E15CFF4A0387BC085 /* Pods-MagtonicEmpApp.debug.xcconfig */,
				08311737553CD3B3CF5DBE18 /* Pods-MagtonicEmpApp.release.xcconfig */,
				784FE9BFBDB2A5496FD2AF77 /* Pods-MagtonicEmpAppTests.debug.xcconfig */,
				DDECB2026E977EB3559734FE /* Pods-MagtonicEmpAppTests.release.xcconfig */,
				203F04D5C59863F61B953651 /* Pods-MagtonicEmpAppUITests.debug.xcconfig */,
				60ECADFC3724E12E1575C412 /* Pods-MagtonicEmpAppUITests.release.xcconfig */,
			);
			path = Pods;
			sourceTree = "<group>";
		};
		8CCCFA72A705FEDB6B32311C /* Frameworks */ = {
			isa = PBXGroup;
			children = (
				9075689E7213084F0CCD8B62 /* Pods_MagtonicEmpApp.framework */,
				18EA2E7E3EADFFF49E3A2FAF /* Pods_MagtonicEmpAppTests.framework */,
				5E656AADC75FAFDECA8E2606 /* Pods_MagtonicEmpAppUITests.framework */,
			);
			name = Frameworks;
			sourceTree = "<group>";
		};
/* End PBXGroup section */

/* Begin PBXNativeTarget section */
		47B224E222A0A97F00651E98 /* MagtonicEmpApp */ = {
			isa = PBXNativeTarget;
			buildConfigurationList = 47B2250B22A0A98200651E98 /* Build configuration list for PBXNativeTarget "MagtonicEmpApp" */;
			buildPhases = (
				79FE7AC621D2C2134B70D41A /* [CP] Check Pods Manifest.lock */,
				47B224DF22A0A97F00651E98 /* Sources */,
				47B224E022A0A97F00651E98 /* Frameworks */,
				47B224E122A0A97F00651E98 /* Resources */,
				B6DF060B45648B18B665E0E2 /* [CP] Embed Pods Frameworks */,
				E17E59F65A0F5AC1BDFF8840 /* [CP] Copy Pods Resources */,
			);
			buildRules = (
			);
			dependencies = (
			);
			name = MagtonicEmpApp;
			productName = MagtonicEmpApp;
			productReference = 47B224E322A0A98000651E98 /* MagtonicEmpApp.app */;
			productType = "com.apple.product-type.application";
		};
		47B224F622A0A98200651E98 /* MagtonicEmpAppTests */ = {
			isa = PBXNativeTarget;
			buildConfigurationList = 47B2250E22A0A98200651E98 /* Build configuration list for PBXNativeTarget "MagtonicEmpAppTests" */;
			buildPhases = (
				8E288036BEC63A08AFD8E1FA /* [CP] Check Pods Manifest.lock */,
				47B224F322A0A98200651E98 /* Sources */,
				47B224F422A0A98200651E98 /* Frameworks */,
				47B224F522A0A98200651E98 /* Resources */,
			);
			buildRules = (
			);
			dependencies = (
				47B224F922A0A98200651E98 /* PBXTargetDependency */,
			);
			name = MagtonicEmpAppTests;
			productName = MagtonicEmpAppTests;
			productReference = 47B224F722A0A98200651E98 /* MagtonicEmpAppTests.xctest */;
			productType = "com.apple.product-type.bundle.unit-test";
		};
		47B2250122A0A98200651E98 /* MagtonicEmpAppUITests */ = {
			isa = PBXNativeTarget;
			buildConfigurationList = 47B2251122A0A98200651E98 /* Build configuration list for PBXNativeTarget "MagtonicEmpAppUITests" */;
			buildPhases = (
				76ED4CF9710AFCA01D1E7FD7 /* [CP] Check Pods Manifest.lock */,
				47B224FE22A0A98200651E98 /* Sources */,
				47B224FF22A0A98200651E98 /* Frameworks */,
				47B2250022A0A98200651E98 /* Resources */,
			);
			buildRules = (
			);
			dependencies = (
				47B2250422A0A98200651E98 /* PBXTargetDependency */,
			);
			name = MagtonicEmpAppUITests;
			productName = MagtonicEmpAppUITests;
			productReference = 47B2250222A0A98200651E98 /* MagtonicEmpAppUITests.xctest */;
			productType = "com.apple.product-type.bundle.ui-testing";
		};
/* End PBXNativeTarget section */

/* Begin PBXProject section */
		47B224DB22A0A97F00651E98 /* Project object */ = {
			isa = PBXProject;
			attributes = {
				LastSwiftUpdateCheck = 1020;
				LastUpgradeCheck = 1020;
				ORGANIZATIONNAME = "richie shih";
				TargetAttributes = {
					47B224E222A0A97F00651E98 = {
						CreatedOnToolsVersion = 10.2.1;
					};
					47B224F622A0A98200651E98 = {
						CreatedOnToolsVersion = 10.2.1;
						TestTargetID = 47B224E222A0A97F00651E98;
					};
					47B2250122A0A98200651E98 = {
						CreatedOnToolsVersion = 10.2.1;
						TestTargetID = 47B224E222A0A97F00651E98;
					};
				};
			};
			buildConfigurationList = 47B224DE22A0A97F00651E98 /* Build configuration list for PBXProject "MagtonicEmpApp" */;
			compatibilityVersion = "Xcode 9.3";
			developmentRegion = en;
			hasScannedForEncodings = 0;
			knownRegions = (
				en,
				Base,
				"zh-Hant",
			);
			mainGroup = 47B224DA22A0A97F00651E98;
			productRefGroup = 47B224E422A0A98000651E98 /* Products */;
			projectDirPath = "";
			projectRoot = "";
			targets = (
				47B224E222A0A97F00651E98 /* MagtonicEmpApp */,
				47B224F622A0A98200651E98 /* MagtonicEmpAppTests */,
				47B2250122A0A98200651E98 /* MagtonicEmpAppUITests */,
			);
		};
/* End PBXProject section */

/* Begin PBXResourcesBuildPhase section */
		47B224E122A0A97F00651E98 /* Resources */ = {
			isa = PBXResourcesBuildPhase;
			buildActionMask = 2147483647;
			files = (
				47B224F122A0A98200651E98 /* LaunchScreen.storyboard in Resources */,
				47FBB98822A4CACD0021A236 /* Localizable.strings in Resources */,
				47B224EC22A0A98000651E98 /* Main.storyboard in Resources */,
				47FBB98E22A4CB380021A236 /* InfoPlist.strings in Resources */,
				47FBB99522A516950021A236 /* Assets.xcassets in Resources */,
			);
			runOnlyForDeploymentPostprocessing = 0;
		};
		47B224F522A0A98200651E98 /* Resources */ = {
			isa = PBXResourcesBuildPhase;
			buildActionMask = 2147483647;
			files = (
			);
			runOnlyForDeploymentPostprocessing = 0;
		};
		47B2250022A0A98200651E98 /* Resources */ = {
			isa = PBXResourcesBuildPhase;
			buildActionMask = 2147483647;
			files = (
			);
			runOnlyForDeploymentPostprocessing = 0;
		};
/* End PBXResourcesBuildPhase section */

/* Begin PBXShellScriptBuildPhase section */
		76ED4CF9710AFCA01D1E7FD7 /* [CP] Check Pods Manifest.lock */ = {
			isa = PBXShellScriptBuildPhase;
			buildActionMask = 2147483647;
			files = (
			);
			inputFileListPaths = (
			);
			inputPaths = (
				"${PODS_PODFILE_DIR_PATH}/Podfile.lock",
				"${PODS_ROOT}/Manifest.lock",
			);
			name = "[CP] Check Pods Manifest.lock";
			outputFileListPaths = (
			);
			outputPaths = (
				"$(DERIVED_FILE_DIR)/Pods-MagtonicEmpAppUITests-checkManifestLockResult.txt",
			);
			runOnlyForDeploymentPostprocessing = 0;
			shellPath = /bin/sh;
			shellScript = "diff \"${PODS_PODFILE_DIR_PATH}/Podfile.lock\" \"${PODS_ROOT}/Manifest.lock\" > /dev/null\nif [ $? != 0 ] ; then\n    # print error to STDERR\n    echo \"error: The sandbox is not in sync with the Podfile.lock. Run 'pod install' or update your CocoaPods installation.\" >&2\n    exit 1\nfi\n# This output is used by Xcode 'outputs' to avoid re-running this script phase.\necho \"SUCCESS\" > \"${SCRIPT_OUTPUT_FILE_0}\"\n";
			showEnvVarsInLog = 0;
		};
		79FE7AC621D2C2134B70D41A /* [CP] Check Pods Manifest.lock */ = {
			isa = PBXShellScriptBuildPhase;
			buildActionMask = 2147483647;
			files = (
			);
			inputFileListPaths = (
			);
			inputPaths = (
				"${PODS_PODFILE_DIR_PATH}/Podfile.lock",
				"${PODS_ROOT}/Manifest.lock",
			);
			name = "[CP] Check Pods Manifest.lock";
			outputFileListPaths = (
			);
			outputPaths = (
				"$(DERIVED_FILE_DIR)/Pods-MagtonicEmpApp-checkManifestLockResult.txt",
			);
			runOnlyForDeploymentPostprocessing = 0;
			shellPath = /bin/sh;
			shellScript = "diff \"${PODS_PODFILE_DIR_PATH}/Podfile.lock\" \"${PODS_ROOT}/Manifest.lock\" > /dev/null\nif [ $? != 0 ] ; then\n    # print error to STDERR\n    echo \"error: The sandbox is not in sync with the Podfile.lock. Run 'pod install' or update your CocoaPods installation.\" >&2\n    exit 1\nfi\n# This output is used by Xcode 'outputs' to avoid re-running this script phase.\necho \"SUCCESS\" > \"${SCRIPT_OUTPUT_FILE_0}\"\n";
			showEnvVarsInLog = 0;
		};
		8E288036BEC63A08AFD8E1FA /* [CP] Check Pods Manifest.lock */ = {
			isa = PBXShellScriptBuildPhase;
			buildActionMask = 2147483647;
			files = (
			);
			inputFileListPaths = (
			);
			inputPaths = (
				"${PODS_PODFILE_DIR_PATH}/Podfile.lock",
				"${PODS_ROOT}/Manifest.lock",
			);
			name = "[CP] Check Pods Manifest.lock";
			outputFileListPaths = (
			);
			outputPaths = (
				"$(DERIVED_FILE_DIR)/Pods-MagtonicEmpAppTests-checkManifestLockResult.txt",
			);
			runOnlyForDeploymentPostprocessing = 0;
			shellPath = /bin/sh;
			shellScript = "diff \"${PODS_PODFILE_DIR_PATH}/Podfile.lock\" \"${PODS_ROOT}/Manifest.lock\" > /dev/null\nif [ $? != 0 ] ; then\n    # print error to STDERR\n    echo \"error: The sandbox is not in sync with the Podfile.lock. Run 'pod install' or update your CocoaPods installation.\" >&2\n    exit 1\nfi\n# This output is used by Xcode 'outputs' to avoid re-running this script phase.\necho \"SUCCESS\" > \"${SCRIPT_OUTPUT_FILE_0}\"\n";
			showEnvVarsInLog = 0;
		};
		B6DF060B45648B18B665E0E2 /* [CP] Embed Pods Frameworks */ = {
			isa = PBXShellScriptBuildPhase;
			buildActionMask = 2147483647;
			files = (
			);
			inputFileListPaths = (
			);
			inputPaths = (
				"${PODS_ROOT}/Target Support Files/Pods-MagtonicEmpApp/Pods-MagtonicEmpApp-frameworks.sh",
				"${BUILT_PRODUCTS_DIR}/Alamofire/Alamofire.framework",
				"${BUILT_PRODUCTS_DIR}/NavigationDrawer/NavigationDrawer.framework",
			);
			name = "[CP] Embed Pods Frameworks";
			outputFileListPaths = (
			);
			outputPaths = (
				"${TARGET_BUILD_DIR}/${FRAMEWORKS_FOLDER_PATH}/Alamofire.framework",
				"${TARGET_BUILD_DIR}/${FRAMEWORKS_FOLDER_PATH}/NavigationDrawer.framework",
			);
			runOnlyForDeploymentPostprocessing = 0;
			shellPath = /bin/sh;
			shellScript = "\"${PODS_ROOT}/Target Support Files/Pods-MagtonicEmpApp/Pods-MagtonicEmpApp-frameworks.sh\"\n";
			showEnvVarsInLog = 0;
		};
		E17E59F65A0F5AC1BDFF8840 /* [CP] Copy Pods Resources */ = {
			isa = PBXShellScriptBuildPhase;
			buildActionMask = 2147483647;
			files = (
			);
			inputFileListPaths = (
			);
			inputPaths = (
				"${PODS_ROOT}/Target Support Files/Pods-MagtonicEmpApp/Pods-MagtonicEmpApp-resources.sh",
				"${PODS_ROOT}/GoogleMaps/Maps/Frameworks/GoogleMaps.framework/Resources/GoogleMaps.bundle",
				"${PODS_ROOT}/GooglePlaces/Frameworks/GooglePlaces.framework/Resources/GooglePlaces.bundle",
			);
			name = "[CP] Copy Pods Resources";
			outputFileListPaths = (
			);
			outputPaths = (
				"${TARGET_BUILD_DIR}/${UNLOCALIZED_RESOURCES_FOLDER_PATH}/GoogleMaps.bundle",
				"${TARGET_BUILD_DIR}/${UNLOCALIZED_RESOURCES_FOLDER_PATH}/GooglePlaces.bundle",
			);
			runOnlyForDeploymentPostprocessing = 0;
			shellPath = /bin/sh;
			shellScript = "\"${PODS_ROOT}/Target Support Files/Pods-MagtonicEmpApp/Pods-MagtonicEmpApp-resources.sh\"\n";
			showEnvVarsInLog = 0;
		};
/* End PBXShellScriptBuildPhase section */

/* Begin PBXSourcesBuildPhase section */
		47B224DF22A0A97F00651E98 /* Sources */ = {
			isa = PBXSourcesBuildPhase;
			buildActionMask = 2147483647;
			files = (
				47B224E922A0A98000651E98 /* BaseViewController.swift in Sources */,
				47FBB99322A4EA700021A236 /* OpeningViewController.swift in Sources */,
				47B224E722A0A98000651E98 /* AppDelegate.swift in Sources */,
				4774E4D922AE481F00245A35 /* HistoryViewController.swift in Sources */,
				47FBB99722A5184E0021A236 /* LoginViewController.swift in Sources */,
				47B2251522A0ADFC00651E98 /* SlidingViewController.swift in Sources */,
			);
			runOnlyForDeploymentPostprocessing = 0;
		};
		47B224F322A0A98200651E98 /* Sources */ = {
			isa = PBXSourcesBuildPhase;
			buildActionMask = 2147483647;
			files = (
				47B224FC22A0A98200651E98 /* MagtonicEmpAppTests.swift in Sources */,
			);
			runOnlyForDeploymentPostprocessing = 0;
		};
		47B224FE22A0A98200651E98 /* Sources */ = {
			isa = PBXSourcesBuildPhase;
			buildActionMask = 2147483647;
			files = (
				47B2250722A0A98200651E98 /* MagtonicEmpAppUITests.swift in Sources */,
			);
			runOnlyForDeploymentPostprocessing = 0;
		};
/* End PBXSourcesBuildPhase section */

/* Begin PBXTargetDependency section */
		47B224F922A0A98200651E98 /* PBXTargetDependency */ = {
			isa = PBXTargetDependency;
			target = 47B224E222A0A97F00651E98 /* MagtonicEmpApp */;
			targetProxy = 47B224F822A0A98200651E98 /* PBXContainerItemProxy */;
		};
		47B2250422A0A98200651E98 /* PBXTargetDependency */ = {
			isa = PBXTargetDependency;
			target = 47B224E222A0A97F00651E98 /* MagtonicEmpApp */;
			targetProxy = 47B2250322A0A98200651E98 /* PBXContainerItemProxy */;
		};
/* End PBXTargetDependency section */

/* Begin PBXVariantGroup section */
		47B224EA22A0A98000651E98 /* Main.storyboard */ = {
			isa = PBXVariantGroup;
			children = (
				47B224EB22A0A98000651E98 /* Base */,
			);
			name = Main.storyboard;
			sourceTree = "<group>";
		};
		47B224EF22A0A98200651E98 /* LaunchScreen.storyboard */ = {
			isa = PBXVariantGroup;
			children = (
				47B224F022A0A98200651E98 /* Base */,
			);
			name = LaunchScreen.storyboard;
			sourceTree = "<group>";
		};
		47FBB98A22A4CACD0021A236 /* Localizable.strings */ = {
			isa = PBXVariantGroup;
			children = (
				47FBB98922A4CACD0021A236 /* en */,
				47FBB98B22A4CAD50021A236 /* zh-Hant */,
			);
			name = Localizable.strings;
			sourceTree = "<group>";
		};
		47FBB99022A4CB380021A236 /* InfoPlist.strings */ = {
			isa = PBXVariantGroup;
			children = (
				47FBB98F22A4CB380021A236 /* en */,
				47FBB99122A4CB3B0021A236 /* zh-Hant */,
			);
			name = InfoPlist.strings;
			sourceTree = "<group>";
		};
/* End PBXVariantGroup section */

/* Begin XCBuildConfiguration section */
		47B2250922A0A98200651E98 /* Debug */ = {
			isa = XCBuildConfiguration;
			buildSettings = {
				ALWAYS_SEARCH_USER_PATHS = NO;
				CLANG_ANALYZER_LOCALIZABILITY_NONLOCALIZED = YES;
				CLANG_ANALYZER_NONNULL = YES;
				CLANG_ANALYZER_NUMBER_OBJECT_CONVERSION = YES_AGGRESSIVE;
				CLANG_CXX_LANGUAGE_STANDARD = "gnu++14";
				CLANG_CXX_LIBRARY = "libc++";
				CLANG_ENABLE_MODULES = YES;
				CLANG_ENABLE_OBJC_ARC = YES;
				CLANG_ENABLE_OBJC_WEAK = YES;
				CLANG_WARN_BLOCK_CAPTURE_AUTORELEASING = YES;
				CLANG_WARN_BOOL_CONVERSION = YES;
				CLANG_WARN_COMMA = YES;
				CLANG_WARN_CONSTANT_CONVERSION = YES;
				CLANG_WARN_DEPRECATED_OBJC_IMPLEMENTATIONS = YES;
				CLANG_WARN_DIRECT_OBJC_ISA_USAGE = YES_ERROR;
				CLANG_WARN_DOCUMENTATION_COMMENTS = YES;
				CLANG_WARN_EMPTY_BODY = YES;
				CLANG_WARN_ENUM_CONVERSION = YES;
				CLANG_WARN_INFINITE_RECURSION = YES;
				CLANG_WARN_INT_CONVERSION = YES;
				CLANG_WARN_NON_LITERAL_NULL_CONVERSION = YES;
				CLANG_WARN_OBJC_IMPLICIT_RETAIN_SELF = YES;
				CLANG_WARN_OBJC_LITERAL_CONVERSION = YES;
				CLANG_WARN_OBJC_ROOT_CLASS = YES_ERROR;
				CLANG_WARN_RANGE_LOOP_ANALYSIS = YES;
				CLANG_WARN_STRICT_PROTOTYPES = YES;
				CLANG_WARN_SUSPICIOUS_MOVE = YES;
				CLANG_WARN_UNGUARDED_AVAILABILITY = YES_AGGRESSIVE;
				CLANG_WARN_UNREACHABLE_CODE = YES;
				CLANG_WARN__DUPLICATE_METHOD_MATCH = YES;
				CODE_SIGN_IDENTITY = "iPhone Developer";
				COPY_PHASE_STRIP = NO;
				DEBUG_INFORMATION_FORMAT = dwarf;
				ENABLE_STRICT_OBJC_MSGSEND = YES;
				ENABLE_TESTABILITY = YES;
				GCC_C_LANGUAGE_STANDARD = gnu11;
				GCC_DYNAMIC_NO_PIC = NO;
				GCC_NO_COMMON_BLOCKS = YES;
				GCC_OPTIMIZATION_LEVEL = 0;
				GCC_PREPROCESSOR_DEFINITIONS = (
					"DEBUG=1",
					"$(inherited)",
				);
				GCC_WARN_64_TO_32_BIT_CONVERSION = YES;
				GCC_WARN_ABOUT_RETURN_TYPE = YES_ERROR;
				GCC_WARN_UNDECLARED_SELECTOR = YES;
				GCC_WARN_UNINITIALIZED_AUTOS = YES_AGGRESSIVE;
				GCC_WARN_UNUSED_FUNCTION = YES;
				GCC_WARN_UNUSED_VARIABLE = YES;
				IPHONEOS_DEPLOYMENT_TARGET = 12.2;
				MTL_ENABLE_DEBUG_INFO = INCLUDE_SOURCE;
				MTL_FAST_MATH = YES;
				ONLY_ACTIVE_ARCH = YES;
				SDKROOT = iphoneos;
				SWIFT_ACTIVE_COMPILATION_CONDITIONS = DEBUG;
				SWIFT_OPTIMIZATION_LEVEL = "-Onone";
			};
			name = Debug;
		};
		47B2250A22A0A98200651E98 /* Release */ = {
			isa = XCBuildConfiguration;
			buildSettings = {
				ALWAYS_SEARCH_USER_PATHS = NO;
				CLANG_ANALYZER_LOCALIZABILITY_NONLOCALIZED = YES;
				CLANG_ANALYZER_NONNULL = YES;
				CLANG_ANALYZER_NUMBER_OBJECT_CONVERSION = YES_AGGRESSIVE;
				CLANG_CXX_LANGUAGE_STANDARD = "gnu++14";
				CLANG_CXX_LIBRARY = "libc++";
				CLANG_ENABLE_MODULES = YES;
				CLANG_ENABLE_OBJC_ARC = YES;
				CLANG_ENABLE_OBJC_WEAK = YES;
				CLANG_WARN_BLOCK_CAPTURE_AUTORELEASING = YES;
				CLANG_WARN_BOOL_CONVERSION = YES;
				CLANG_WARN_COMMA = YES;
				CLANG_WARN_CONSTANT_CONVERSION = YES;
				CLANG_WARN_DEPRECATED_OBJC_IMPLEMENTATIONS = YES;
				CLANG_WARN_DIRECT_OBJC_ISA_USAGE = YES_ERROR;
				CLANG_WARN_DOCUMENTATION_COMMENTS = YES;
				CLANG_WARN_EMPTY_BODY = YES;
				CLANG_WARN_ENUM_CONVERSION = YES;
				CLANG_WARN_INFINITE_RECURSION = YES;
				CLANG_WARN_INT_CONVERSION = YES;
				CLANG_WARN_NON_LITERAL_NULL_CONVERSION = YES;
				CLANG_WARN_OBJC_IMPLICIT_RETAIN_SELF = YES;
				CLANG_WARN_OBJC_LITERAL_CONVERSION = YES;
				CLANG_WARN_OBJC_ROOT_CLASS = YES_ERROR;
				CLANG_WARN_RANGE_LOOP_ANALYSIS = YES;
				CLANG_WARN_STRICT_PROTOTYPES = YES;
				CLANG_WARN_SUSPICIOUS_MOVE = YES;
				CLANG_WARN_UNGUARDED_AVAILABILITY = YES_AGGRESSIVE;
				CLANG_WARN_UNREACHABLE_CODE = YES;
				CLANG_WARN__DUPLICATE_METHOD_MATCH = YES;
				CODE_SIGN_IDENTITY = "iPhone Developer";
				COPY_PHASE_STRIP = NO;
				DEBUG_INFORMATION_FORMAT = "dwarf-with-dsym";
				ENABLE_NS_ASSERTIONS = NO;
				ENABLE_STRICT_OBJC_MSGSEND = YES;
				GCC_C_LANGUAGE_STANDARD = gnu11;
				GCC_NO_COMMON_BLOCKS = YES;
				GCC_WARN_64_TO_32_BIT_CONVERSION = YES;
				GCC_WARN_ABOUT_RETURN_TYPE = YES_ERROR;
				GCC_WARN_UNDECLARED_SELECTOR = YES;
				GCC_WARN_UNINITIALIZED_AUTOS = YES_AGGRESSIVE;
				GCC_WARN_UNUSED_FUNCTION = YES;
				GCC_WARN_UNUSED_VARIABLE = YES;
				IPHONEOS_DEPLOYMENT_TARGET = 12.2;
				MTL_ENABLE_DEBUG_INFO = NO;
				MTL_FAST_MATH = YES;
				SDKROOT = iphoneos;
				SWIFT_COMPILATION_MODE = wholemodule;
				SWIFT_OPTIMIZATION_LEVEL = "-O";
				VALIDATE_PRODUCT = YES;
			};
			name = Release;
		};
		47B2250C22A0A98200651E98 /* Debug */ = {
			isa = XCBuildConfiguration;
			baseConfigurationReference = E0F3A57E15CFF4A0387BC085 /* Pods-MagtonicEmpApp.debug.xcconfig */;
			buildSettings = {
				ASSETCATALOG_COMPILER_APPICON_NAME = AppIcon;
				CODE_SIGN_STYLE = Automatic;
				DEVELOPMENT_TEAM = 25YRF78357;
				INFOPLIST_FILE = MagtonicEmpApp/Info.plist;
				LD_RUNPATH_SEARCH_PATHS = (
					"$(inherited)",
					"@executable_path/Frameworks",
				);
				PRODUCT_BUNDLE_IDENTIFIER = com.magtonic.MagtonicEmpApp;
				PRODUCT_NAME = "$(TARGET_NAME)";
				SWIFT_VERSION = 5.0;
				TARGETED_DEVICE_FAMILY = "1,2";
			};
			name = Debug;
		};
		47B2250D22A0A98200651E98 /* Release */ = {
			isa = XCBuildConfiguration;
			baseConfigurationReference = 08311737553CD3B3CF5DBE18 /* Pods-MagtonicEmpApp.release.xcconfig */;
			buildSettings = {
				ASSETCATALOG_COMPILER_APPICON_NAME = AppIcon;
				CODE_SIGN_STYLE = Automatic;
				DEVELOPMENT_TEAM = 25YRF78357;
				INFOPLIST_FILE = MagtonicEmpApp/Info.plist;
				LD_RUNPATH_SEARCH_PATHS = (
					"$(inherited)",
					"@executable_path/Frameworks",
				);
				PRODUCT_BUNDLE_IDENTIFIER = com.magtonic.MagtonicEmpApp;
				PRODUCT_NAME = "$(TARGET_NAME)";
				SWIFT_VERSION = 5.0;
				TARGETED_DEVICE_FAMILY = "1,2";
			};
			name = Release;
		};
		47B2250F22A0A98200651E98 /* Debug */ = {
			isa = XCBuildConfiguration;
			baseConfigurationReference = 784FE9BFBDB2A5496FD2AF77 /* Pods-MagtonicEmpAppTests.debug.xcconfig */;
			buildSettings = {
				ALWAYS_EMBED_SWIFT_STANDARD_LIBRARIES = YES;
				BUNDLE_LOADER = "$(TEST_HOST)";
				CODE_SIGN_STYLE = Automatic;
				DEVELOPMENT_TEAM = 25YRF78357;
				INFOPLIST_FILE = MagtonicEmpAppTests/Info.plist;
				LD_RUNPATH_SEARCH_PATHS = (
					"$(inherited)",
					"@executable_path/Frameworks",
					"@loader_path/Frameworks",
				);
				PRODUCT_BUNDLE_IDENTIFIER = com.magtonic.MagtonicEmpAppTests;
				PRODUCT_NAME = "$(TARGET_NAME)";
				SWIFT_VERSION = 5.0;
				TARGETED_DEVICE_FAMILY = "1,2";
				TEST_HOST = "$(BUILT_PRODUCTS_DIR)/MagtonicEmpApp.app/MagtonicEmpApp";
			};
			name = Debug;
		};
		47B2251022A0A98200651E98 /* Release */ = {
			isa = XCBuildConfiguration;
			baseConfigurationReference = DDECB2026E977EB3559734FE /* Pods-MagtonicEmpAppTests.release.xcconfig */;
			buildSettings = {
				ALWAYS_EMBED_SWIFT_STANDARD_LIBRARIES = YES;
				BUNDLE_LOADER = "$(TEST_HOST)";
				CODE_SIGN_STYLE = Automatic;
				DEVELOPMENT_TEAM = 25YRF78357;
				INFOPLIST_FILE = MagtonicEmpAppTests/Info.plist;
				LD_RUNPATH_SEARCH_PATHS = (
					"$(inherited)",
					"@executable_path/Frameworks",
					"@loader_path/Frameworks",
				);
				PRODUCT_BUNDLE_IDENTIFIER = com.magtonic.MagtonicEmpAppTests;
				PRODUCT_NAME = "$(TARGET_NAME)";
				SWIFT_VERSION = 5.0;
				TARGETED_DEVICE_FAMILY = "1,2";
				TEST_HOST = "$(BUILT_PRODUCTS_DIR)/MagtonicEmpApp.app/MagtonicEmpApp";
			};
			name = Release;
		};
		47B2251222A0A98200651E98 /* Debug */ = {
			isa = XCBuildConfiguration;
			baseConfigurationReference = 203F04D5C59863F61B953651 /* Pods-MagtonicEmpAppUITests.debug.xcconfig */;
			buildSettings = {
				ALWAYS_EMBED_SWIFT_STANDARD_LIBRARIES = YES;
				CODE_SIGN_STYLE = Automatic;
				DEVELOPMENT_TEAM = 25YRF78357;
				INFOPLIST_FILE = MagtonicEmpAppUITests/Info.plist;
				LD_RUNPATH_SEARCH_PATHS = (
					"$(inherited)",
					"@executable_path/Frameworks",
					"@loader_path/Frameworks",
				);
				PRODUCT_BUNDLE_IDENTIFIER = com.magtonic.MagtonicEmpAppUITests;
				PRODUCT_NAME = "$(TARGET_NAME)";
				SWIFT_VERSION = 5.0;
				TARGETED_DEVICE_FAMILY = "1,2";
				TEST_TARGET_NAME = MagtonicEmpApp;
			};
			name = Debug;
		};
		47B2251322A0A98200651E98 /* Release */ = {
			isa = XCBuildConfiguration;
			baseConfigurationReference = 60ECADFC3724E12E1575C412 /* Pods-MagtonicEmpAppUITests.release.xcconfig */;
			buildSettings = {
				ALWAYS_EMBED_SWIFT_STANDARD_LIBRARIES = YES;
				CODE_SIGN_STYLE = Automatic;
				DEVELOPMENT_TEAM = 25YRF78357;
				INFOPLIST_FILE = MagtonicEmpAppUITests/Info.plist;
				LD_RUNPATH_SEARCH_PATHS = (
					"$(inherited)",
					"@executable_path/Frameworks",
					"@loader_path/Frameworks",
				);
				PRODUCT_BUNDLE_IDENTIFIER = com.magtonic.MagtonicEmpAppUITests;
				PRODUCT_NAME = "$(TARGET_NAME)";
				SWIFT_VERSION = 5.0;
				TARGETED_DEVICE_FAMILY = "1,2";
				TEST_TARGET_NAME = MagtonicEmpApp;
			};
			name = Release;
		};
/* End XCBuildConfiguration section */

/* Begin XCConfigurationList section */
		47B224DE22A0A97F00651E98 /* Build configuration list for PBXProject "MagtonicEmpApp" */ = {
			isa = XCConfigurationList;
			buildConfigurations = (
				47B2250922A0A98200651E98 /* Debug */,
				47B2250A22A0A98200651E98 /* Release */,
			);
			defaultConfigurationIsVisible = 0;
			defaultConfigurationName = Release;
		};
		47B2250B22A0A98200651E98 /* Build configuration list for PBXNativeTarget "MagtonicEmpApp" */ = {
			isa = XCConfigurationList;
			buildConfigurations = (
				47B2250C22A0A98200651E98 /* Debug */,
				47B2250D22A0A98200651E98 /* Release */,
			);
			defaultConfigurationIsVisible = 0;
			defaultConfigurationName = Release;
		};
		47B2250E22A0A98200651E98 /* Build configuration list for PBXNativeTarget "MagtonicEmpAppTests" */ = {
			isa = XCConfigurationList;
			buildConfigurations = (
				47B2250F22A0A98200651E98 /* Debug */,
				47B2251022A0A98200651E98 /* Release */,
			);
			defaultConfigurationIsVisible = 0;
			defaultConfigurationName = Release;
		};
		47B2251122A0A98200651E98 /* Build configuration list for PBXNativeTarget "MagtonicEmpAppUITests" */ = {
			isa = XCConfigurationList;
			buildConfigurations = (
				47B2251222A0A98200651E98 /* Debug */,
				47B2251322A0A98200651E98 /* Release */,
			);
			defaultConfigurationIsVisible = 0;
			defaultConfigurationName = Release;
		};
/* End XCConfigurationList section */
	};
	rootObject = 47B224DB22A0A97F00651E98 /* Project object */;
}
